
Microsoft Visual Studio Solution File, Format Version 12.00
# Visual Studio 2013
VisualStudioVersion = 12.0.30501.0
MinimumVisualStudioVersion = 10.0.40219.1
Project("{FAE04EC0-301F-11D3-BF4B-00C04F79EFBC}") = "iOS", "iOS\iOS.csproj", "{2D418EAB-3808-448E-AEAB-E394507BA98C}"
EndProject
Project("{FAE04EC0-301F-11D3-BF4B-00C04F79EFBC}") = "Droid", "Droid\Droid.csproj", "{9F8656FD-07A4-44F7-864E-A94E7C27F529}"
EndProject
Global
	GlobalSection(SolutionConfigurationPlatforms) = preSolution
		Ad-Hoc|iPhone = Ad-Hoc|iPhone
		Ad-Hoc|iPhoneSimulator = Ad-Hoc|iPhoneSimulator
		AppStore|iPhone = AppStore|iPhone
		AppStore|iPhoneSimulator = AppStore|iPhoneSimulator
		Debug|iPhone = Debug|iPhone
		Debug|iPhoneSimulator = Debug|iPhoneSimulator
		Release|iPhone = Release|iPhone
		Release|iPhoneSimulator = Release|iPhoneSimulator
	EndGlobalSection
	GlobalSection(ProjectConfigurationPlatforms) = postSolution
		{2D418EAB-3808-448E-AEAB-E394507BA98C}.Ad-Hoc|iPhone.ActiveCfg = Ad-Hoc|iPhone
		{2D418EAB-3808-448E-AEAB-E394507BA98C}.Ad-Hoc|iPhone.Build.0 = Ad-Hoc|iPhone
		{2D418EAB-3808-448E-AEAB-E394507BA98C}.Ad-Hoc|iPhoneSimulator.ActiveCfg = Ad-Hoc|iPhoneSimulator
		{2D418EAB-3808-448E-AEAB-E394507BA98C}.Ad-Hoc|iPhoneSimulator.Build.0 = Ad-Hoc|iPhoneSimulator
		{2D418EAB-3808-448E-AEAB-E394507BA98C}.Ad-Hoc|iPhoneSimulator.Deploy.0 = Ad-Hoc|iPhoneSimulator
		{2D418EAB-3808-448E-AEAB-E394507BA98C}.AppStore|iPhone.ActiveCfg = AppStore|iPhone
		{2D418EAB-3808-448E-AEAB-E394507BA98C}.AppStore|iPhone.Build.0 = AppStore|iPhone
		{2D418EAB-3808-448E-AEAB-E394507BA98C}.AppStore|iPhoneSimulator.ActiveCfg = AppStore|iPhoneSimulator
		{2D418EAB-3808-448E-AEAB-E394507BA98C}.AppStore|iPhoneSimulator.Build.0 = AppStore|iPhoneSimulator
		{2D418EAB-3808-448E-AEAB-E394507BA98C}.AppStore|iPhoneSimulator.Deploy.0 = AppStore|iPhoneSimulator
		{2D418EAB-3808-448E-AEAB-E394507BA98C}.Debug|iPhone.ActiveCfg = Debug|iPhone
		{2D418EAB-3808-448E-AEAB-E394507BA98C}.Debug|iPhone.Build.0 = Debug|iPhone
		{2D418EAB-3808-448E-AEAB-E394507BA98C}.Debug|iPhone.Deploy.0 = Debug|iPhone
		{2D418EAB-3808-448E-AEAB-E394507BA98C}.Debug|iPhoneSimulator.ActiveCfg = Debug|iPhoneSimulator
		{2D418EAB-3808-448E-AEAB-E394507BA98C}.Debug|iPhoneSimulator.Build.0 = Debug|iPhoneSimulator
		{2D418EAB-3808-448E-AEAB-E394507BA98C}.Debug|iPhoneSimulator.Deploy.0 = Debug|iPhoneSimulator
		{2D418EAB-3808-448E-AEAB-E394507BA98C}.Release|iPhone.ActiveCfg = Release|iPhone
		{2D418EAB-3808-448E-AEAB-E394507BA98C}.Release|iPhone.Build.0 = Release|iPhone
		{2D418EAB-3808-448E-AEAB-E394507BA98C}.Release|iPhoneSimulator.ActiveCfg = Release|iPhoneSimulator
		{2D418EAB-3808-448E-AEAB-E394507BA98C}.Release|iPhoneSimulator.Build.0 = Release|iPhoneSimulator
		{9F8656FD-07A4-44F7-864E-A94E7C27F529}.Ad-Hoc|iPhone.ActiveCfg = Release|Any CPU
		{9F8656FD-07A4-44F7-864E-A94E7C27F529}.Ad-Hoc|iPhone.Build.0 = Release|Any CPU
		{9F8656FD-07A4-44F7-864E-A94E7C27F529}.Ad-Hoc|iPhoneSimulator.ActiveCfg = Debug|Any CPU
		{9F8656FD-07A4-44F7-864E-A94E7C27F529}.AppStore|iPhone.ActiveCfg = Release|Any CPU
		{9F8656FD-07A4-44F7-864E-A94E7C27F529}.AppStore|iPhone.Build.0 = Release|Any CPU
		{9F8656FD-07A4-44F7-864E-A94E7C27F529}.AppStore|iPhoneSimulator.ActiveCfg = Debug|Any CPU
		{9F8656FD-07A4-44F7-864E-A94E7C27F529}.Debug|iPhone.ActiveCfg = Debug|Any CPU
		{9F8656FD-07A4-44F7-864E-A94E7C27F529}.Debug|iPhone.Build.0 = Debug|Any CPU
		{9F8656FD-07A4-44F7-864E-A94E7C27F529}.Debug|iPhoneSimulator.ActiveCfg = Debug|Any CPU
		{9F8656FD-07A4-44F7-864E-A94E7C27F529}.Debug|iPhoneSimulator.Build.0 = Debug|Any CPU
		{9F8656FD-07A4-44F7-864E-A94E7C27F529}.Release|iPhone.ActiveCfg = Release|Any CPU
		{9F8656FD-07A4-44F7-864E-A94E7C27F529}.Release|iPhone.Build.0 = Release|Any CPU
		{9F8656FD-07A4-44F7-864E-A94E7C27F529}.Release|iPhoneSimulator.ActiveCfg = Release|Any CPU
		{9F8656FD-07A4-44F7-864E-A94E7C27F529}.Release|iPhoneSimulator.Build.0 = Release|Any CPU
	EndGlobalSection
	GlobalSection(SolutionProperties) = preSolution
		HideSolutionNode = FALSE
	EndGlobalSection
	GlobalSection(MonoDevelopProperties) = preSolution
		StartupItem = iOS\iOS.csproj
	EndGlobalSection
EndGlobal
